<?xml version="1.0" encoding="utf-8"?>
<Project ToolsVersion="4.0" xmlns="http://schemas.microsoft.com/developer/msbuild/2003">
  <ItemGroup>
    <Filter Include="Source">
      <UniqueIdentifier>{fb6c3db8-a23e-4402-838b-e9bff8ff4b14}</UniqueIdentifier>
    </Filter>
    <Filter Include="Source\Public">
      <UniqueIdentifier>{93995380-89BD-4b04-88EB-625FBE52EBFB}</UniqueIdentifier>
      <Extensions>h;hh;hpp;hxx;h++;hm;inl;inc;ipp;xsd</Extensions>
    </Filter>
    <Filter Include="Source\Private">
      <UniqueIdentifier>{4FC737F1-C7A5-4376-A066-2A32D752A2FF}</UniqueIdentifier>
      <Extensions>cpp;c;cc;cxx;c++;cppm;ixx;def;odl;idl;hpj;bat;asm;asmx</Extensions>
    </Filter>
    <Filter Include="Ressources">
      <UniqueIdentifier>{67DA6AB6-F800-4c08-8B7A-83BB121AAD01}</UniqueIdentifier>
      <Extensions>rc;ico;cur;bmp;dlg;rc2;rct;bin;rgs;gif;jpg;jpeg;jpe;resx;tiff;tif;png;wav;mfcribbon-ms</Extensions>
    </Filter>
    <Filter Include="Source\pch">
      <UniqueIdentifier>{f1f9d998-6ac2-464a-8340-8b77490ddece}</UniqueIdentifier>
    </Filter>
    <Filter Include="Ressources\Icons">
      <UniqueIdentifier>{f12e2071-eb5c-42ca-bdfa-c9021874c5a1}</UniqueIdentifier>
    </Filter>
    <Filter Include="Source\GameObjects">
      <UniqueIdentifier>{736934ec-e599-4978-abd9-e501bad8ed67}</UniqueIdentifier>
    </Filter>
    <Filter Include="Source\GameObjects\Private">
      <UniqueIdentifier>{f7ab4295-6273-46ea-8a20-17e9e5719f3b}</UniqueIdentifier>
    </Filter>
    <Filter Include="Source\GameObjects\Public">
      <UniqueIdentifier>{f11e41be-1628-4c8b-bd11-e370d076a2c4}</UniqueIdentifier>
    </Filter>
    <Filter Include="Source\GameObjects\Classes">
      <UniqueIdentifier>{1f71985d-f894-471c-b636-3cf6e99c223a}</UniqueIdentifier>
    </Filter>
    <Filter Include="Source\Common">
      <UniqueIdentifier>{0e8a3863-82f1-4362-856a-9bae39ce9d03}</UniqueIdentifier>
    </Filter>
    <Filter Include="Source\Common\Classes">
      <UniqueIdentifier>{1c2d7b40-a32b-48cf-9082-7053c6240ec9}</UniqueIdentifier>
    </Filter>
    <Filter Include="Source\Common\Private">
      <UniqueIdentifier>{8c535611-f83f-4da3-a952-723a31fb7ee0}</UniqueIdentifier>
    </Filter>
    <Filter Include="Source\Common\Public">
      <UniqueIdentifier>{e639deb2-d17f-462b-9782-ad6e6620da1c}</UniqueIdentifier>
    </Filter>
    <Filter Include="Source\Scripts">
      <UniqueIdentifier>{0ca51efa-b2dc-4759-877c-15a06f79c6a8}</UniqueIdentifier>
    </Filter>
    <Filter Include="Source\Scripts\Public">
      <UniqueIdentifier>{b702166b-e640-4f1d-a541-84f34b163ae3}</UniqueIdentifier>
    </Filter>
    <Filter Include="Source\Scripts\Private">
      <UniqueIdentifier>{d34ec596-5cb5-459b-b237-08d396bb1346}</UniqueIdentifier>
    </Filter>
    <Filter Include="Source\Scripts\Classes">
      <UniqueIdentifier>{b861c274-325f-4177-a6c5-bcd25980b0f3}</UniqueIdentifier>
    </Filter>
  </ItemGroup>
  <ItemGroup>
    <ClInclude Include="resource.h">
      <Filter>Ressources</Filter>
    </ClInclude>
    <ClInclude Include="Source\BlankProject.h">
      <Filter>Source\Public</Filter>
    </ClInclude>
    <ClInclude Include="Source\HandleInputs.h">
      <Filter>Source\Common\Classes</Filter>
    </ClInclude>
    <ClInclude Include="Source\HandleCollisions.h">
      <Filter>Source\Common\Classes</Filter>
    </ClInclude>
    <ClInclude Include="Source\GameManager.h">
      <Filter>Source\Public</Filter>
    </ClInclude>
    <ClInclude Include="Source\Ship.h">
      <Filter>Source\GameObjects\Classes</Filter>
    </ClInclude>
    <ClInclude Include="Source\Player.h">
      <Filter>Source\GameObjects\Classes</Filter>
    </ClInclude>
    <ClInclude Include="Source\BulletScript.h">
      <Filter>Source\Scripts\Classes</Filter>
    </ClInclude>
    <ClInclude Include="Source\EnemyScript.h">
      <Filter>Source\Scripts\Classes</Filter>
    </ClInclude>
  </ItemGroup>
  <ItemGroup>
    <ResourceCompile Include="BlankProject.rc">
      <Filter>Ressources</Filter>
    </ResourceCompile>
  </ItemGroup>
  <ItemGroup>
    <Image Include="Content\Icons\Engine.ico">
      <Filter>Ressources\Icons</Filter>
    </Image>
  </ItemGroup>
  <ItemGroup>
    <ClCompile Include="Source\BlankProject.cpp">
      <Filter>Source\Private</Filter>
    </ClCompile>
    <ClCompile Include="Source\HandleInputs.cpp">
      <Filter>Source\Common\Private</Filter>
    </ClCompile>
    <ClCompile Include="Source\HandleCollisions.cpp">
      <Filter>Source\Common\Private</Filter>
    </ClCompile>
    <ClCompile Include="Source\GameManager.cpp">
      <Filter>Source\Private</Filter>
    </ClCompile>
    <ClCompile Include="Source\Ship.cpp">
      <Filter>Source\GameObjects\Private</Filter>
    </ClCompile>
    <ClCompile Include="Source\Player.cpp">
      <Filter>Source\GameObjects\Private</Filter>
    </ClCompile>
    <ClCompile Include="Source\BulletScript.cpp">
      <Filter>Source\Scripts\Private</Filter>
    </ClCompile>
    <ClCompile Include="Source\EnemyScript.cpp">
      <Filter>Source\Scripts\Private</Filter>
    </ClCompile>
  </ItemGroup>
</Project>