<?xml version="1.0" encoding="utf-8"?>
<Project ToolsVersion="4.0" xmlns="http://schemas.microsoft.com/developer/msbuild/2003">
  <ItemGroup>
    <Filter Include="Resources">
      <UniqueIdentifier>{67DA6AB6-F800-4c08-8B7A-83BB121AAD01}</UniqueIdentifier>
      <Extensions>rc;ico;cur;bmp;dlg;rc2;rct;bin;rgs;gif;jpg;jpeg;jpe;resx;tiff;tif;png;wav;mfcribbon-ms</Extensions>
    </Filter>
    <Filter Include="Source">
      <UniqueIdentifier>{3805d512-5b15-442e-9a53-bf20c4530539}</UniqueIdentifier>
    </Filter>
    <Filter Include="Source\pch">
      <UniqueIdentifier>{451cda5f-738f-487e-a547-bbb3b4dbfd92}</UniqueIdentifier>
    </Filter>
    <Filter Include="Source\Core">
      <UniqueIdentifier>{e613c778-ec14-4f6c-a21e-610bdc4803a0}</UniqueIdentifier>
    </Filter>
    <Filter Include="Source\Core\Public">
      <UniqueIdentifier>{01276358-ccb4-4071-a020-7b197a32fb25}</UniqueIdentifier>
    </Filter>
    <Filter Include="Source\Core\Private">
      <UniqueIdentifier>{c2a54209-4d92-4540-adbe-35164b1c0979}</UniqueIdentifier>
    </Filter>
    <Filter Include="Source\Core\Classes">
      <UniqueIdentifier>{0d6fc307-48eb-4645-b5a7-972ed2bf3c9d}</UniqueIdentifier>
    </Filter>
    <Filter Include="Source\Engine">
      <UniqueIdentifier>{a2201ef2-314e-4865-a96a-399c57e553c1}</UniqueIdentifier>
    </Filter>
    <Filter Include="Source\Engine\Public">
      <UniqueIdentifier>{4f7bb991-0ba9-439f-9128-1ded7370d2c4}</UniqueIdentifier>
    </Filter>
    <Filter Include="Source\Engine\Private">
      <UniqueIdentifier>{2a9454c4-c8f4-4cc6-880c-c632776fded0}</UniqueIdentifier>
    </Filter>
    <Filter Include="Source\Engine\Classes">
      <UniqueIdentifier>{d03dbf72-8ba0-442f-b6bd-149dafe2872d}</UniqueIdentifier>
    </Filter>
    <Filter Include="Source\Platform">
      <UniqueIdentifier>{021713e9-cd08-4dad-985e-d7ef96a2894d}</UniqueIdentifier>
    </Filter>
    <Filter Include="Source\Common">
      <UniqueIdentifier>{7356974a-60ac-441b-8290-9200747e4e4b}</UniqueIdentifier>
    </Filter>
    <Filter Include="Source\Common\Classes">
      <UniqueIdentifier>{00a1b3b1-aac5-4f8b-84b4-29c7c296468c}</UniqueIdentifier>
    </Filter>
    <Filter Include="Source\Common\Public">
      <UniqueIdentifier>{a4d86346-3688-4cf8-b118-d771208b88a9}</UniqueIdentifier>
    </Filter>
    <Filter Include="Source\Common\Private">
      <UniqueIdentifier>{9a8c7f0f-3787-4d59-8825-68fd5990db93}</UniqueIdentifier>
    </Filter>
    <Filter Include="Source\Platform\Win32">
      <UniqueIdentifier>{f98912e8-c405-4958-ad9b-c58f6f95f31a}</UniqueIdentifier>
    </Filter>
    <Filter Include="Source\Platform\Win32\Private">
      <UniqueIdentifier>{f77cb020-a996-4f3d-bc74-aaea77b540d1}</UniqueIdentifier>
    </Filter>
    <Filter Include="Source\Platform\Win32\Public">
      <UniqueIdentifier>{b2e510b7-21cc-49a4-be35-6fff7f2a5f55}</UniqueIdentifier>
    </Filter>
    <Filter Include="Source\Platform\Win32\Classes">
      <UniqueIdentifier>{76a927fa-de7e-4f71-ba66-9096951ed20c}</UniqueIdentifier>
    </Filter>
    <Filter Include="Source\DirectX12">
      <UniqueIdentifier>{c44af126-817b-4910-9ea0-30e7519f54eb}</UniqueIdentifier>
    </Filter>
    <Filter Include="Source\DirectX12\Public">
      <UniqueIdentifier>{1ba2bd8c-5ffa-49ee-8a3f-adafd82cf6af}</UniqueIdentifier>
    </Filter>
    <Filter Include="Source\DirectX12\Private">
      <UniqueIdentifier>{86d3a700-1c9c-4b4e-adb2-fa9fa99c90f1}</UniqueIdentifier>
    </Filter>
    <Filter Include="Source\DirectX12\Classes">
      <UniqueIdentifier>{82925e2f-cd27-4b5b-97d8-09ccaf27879a}</UniqueIdentifier>
    </Filter>
    <Filter Include="Source\DirectX12\Bin">
      <UniqueIdentifier>{eac2131b-5368-403c-8ad5-d463e1b4cc88}</UniqueIdentifier>
    </Filter>
    <Filter Include="Source\Engine\Entity">
      <UniqueIdentifier>{7b4faad2-7e13-42db-8de7-3fd8e8bdc2fb}</UniqueIdentifier>
    </Filter>
    <Filter Include="Source\Engine\Entity\Mesh">
      <UniqueIdentifier>{bcfdae68-4955-4ca9-a338-dd871d36f3ca}</UniqueIdentifier>
    </Filter>
    <Filter Include="Source\Engine\Entity\Mesh\Classes">
      <UniqueIdentifier>{86de4065-eb00-4483-827c-884ae26b4291}</UniqueIdentifier>
    </Filter>
    <Filter Include="Source\Engine\Entity\Mesh\Private">
      <UniqueIdentifier>{35420915-c697-40cd-86f8-a5b704352cfd}</UniqueIdentifier>
    </Filter>
    <Filter Include="Source\Engine\Entity\Mesh\Public">
      <UniqueIdentifier>{08b8ca56-8c15-4787-a4a2-1dfad86b878d}</UniqueIdentifier>
    </Filter>
    <Filter Include="Source\Engine\Entity\Component">
      <UniqueIdentifier>{7ccf9739-62ba-4682-b5bc-9e7a47f280c8}</UniqueIdentifier>
    </Filter>
    <Filter Include="Source\Engine\Entity\Component\Classes">
      <UniqueIdentifier>{34bdda81-76ba-4933-9415-a3ecde93b0b0}</UniqueIdentifier>
    </Filter>
    <Filter Include="Source\Engine\Entity\Component\Private">
      <UniqueIdentifier>{2583861a-9464-473d-9250-1cfa244a837f}</UniqueIdentifier>
    </Filter>
    <Filter Include="Source\Engine\Entity\Component\Public">
      <UniqueIdentifier>{ddc26591-6039-47a3-bd03-ec7b73d122fa}</UniqueIdentifier>
    </Filter>
    <Filter Include="Source\Engine\Entity\Classes">
      <UniqueIdentifier>{7f562266-5e7b-4256-9515-aaea56e87264}</UniqueIdentifier>
    </Filter>
    <Filter Include="Source\Engine\Entity\Public">
      <UniqueIdentifier>{b22fc2ad-a011-4b7e-baf1-7f96787b277a}</UniqueIdentifier>
    </Filter>
    <Filter Include="Source\Engine\Entity\Private">
      <UniqueIdentifier>{b7f7ab4e-2eb1-4004-ae04-e2a385046532}</UniqueIdentifier>
    </Filter>
  </ItemGroup>
  <ItemGroup>
    <ClCompile Include="Source\Engine.cpp">
      <Filter>Source\pch</Filter>
    </ClCompile>
    <ClCompile Include="Source\Core\PerGameSettings.cpp">
      <Filter>Source\Core\Private</Filter>
    </ClCompile>
    <ClCompile Include="Source\Core\Core.cpp">
      <Filter>Source\Core\Private</Filter>
    </ClCompile>
    <ClCompile Include="Source\Core\CoreMinimal.cpp">
      <Filter>Source\Core\Private</Filter>
    </ClCompile>
    <ClCompile Include="Source\Core\CoreDefinitions.cpp">
      <Filter>Source\Core\Private</Filter>
    </ClCompile>
    <ClCompile Include="Source\Engine\Simulation.cpp">
      <Filter>Source\Engine\Private</Filter>
    </ClCompile>
    <ClCompile Include="Source\Engine\OEngine.cpp">
      <Filter>Source\Engine\Private</Filter>
    </ClCompile>
    <ClCompile Include="Source\Common\Logger.cpp">
      <Filter>Source\Common\Private</Filter>
    </ClCompile>
    <ClCompile Include="Source\Common\Time.cpp">
      <Filter>Source\Common\Private</Filter>
    </ClCompile>
    <ClCompile Include="Source\Platform\WIN32\IApplication.cpp">
      <Filter>Source\Platform\Win32\Private</Filter>
    </ClCompile>
    <ClCompile Include="Source\Common\CmdLineArgs.cpp">
      <Filter>Source\Common\Private</Filter>
    </ClCompile>
    <ClCompile Include="Source\Engine\SplashScreen.cpp">
      <Filter>Source\Engine\Private</Filter>
    </ClCompile>
    <ClCompile Include="Source\Platform\Win32\SubObject.cpp">
      <Filter>Source\Platform\Win32\Private</Filter>
    </ClCompile>
    <ClCompile Include="Source\Platform\Win32\Window.cpp">
      <Filter>Source\Platform\Win32\Private</Filter>
    </ClCompile>
    <ClCompile Include="Source\Platform\Win32\Win32Utils.cpp">
      <Filter>Source\Platform\Win32\Private</Filter>
    </ClCompile>
    <ClCompile Include="Source\Platform\Win32\w32Caption.cpp">
      <Filter>Source\Platform\Win32\Private</Filter>
    </ClCompile>
    <ClCompile Include="Source\DirectX12\d3dUtil.cpp">
      <Filter>Source\DirectX12\Private</Filter>
    </ClCompile>
    <ClCompile Include="Source\DirectX12\dx12Inst.cpp">
      <Filter>Source\DirectX12\Private</Filter>
    </ClCompile>
    <ClCompile Include="Source\DirectX12\d3dApp.cpp">
      <Filter>Source\DirectX12\Bin</Filter>
    </ClCompile>
    <ClCompile Include="Source\DirectX12\DDSTextureLoader.cpp">
      <Filter>Source\DirectX12\Bin</Filter>
    </ClCompile>
    <ClCompile Include="Source\DirectX12\MathHelper.cpp">
      <Filter>Source\DirectX12\Bin</Filter>
    </ClCompile>
    <ClCompile Include="Source\DirectX12\GeometryGenerator.cpp">
      <Filter>Source\DirectX12\Bin</Filter>
    </ClCompile>
    <ClCompile Include="Source\DirectX12\GameTimer.cpp">
      <Filter>Source\DirectX12\Bin</Filter>
    </ClCompile>
    <ClCompile Include="Source\Engine\Component.cpp">
      <Filter>Source\Engine\Private</Filter>
    </ClCompile>
    <ClCompile Include="Source\Engine\Component.cpp">
      <Filter>Source\Engine\Entity\Component\Private</Filter>
    </ClCompile>
    <ClCompile Include="Source\Engine\Mesh.cpp">
      <Filter>Source\Engine\Entity\Component\Private</Filter>
    </ClCompile>
    <ClCompile Include="Source\Engine\MeshRenderer.cpp">
      <Filter>Source\Engine\Entity\Component\Private</Filter>
    </ClCompile>
    <ClCompile Include="Source\Engine\Shader.cpp">
      <Filter>Source\Engine\Entity\Component\Private</Filter>
    </ClCompile>
    <ClCompile Include="Source\Engine\transform.cpp">
      <Filter>Source\Engine\Entity\Component\Private</Filter>
    </ClCompile>
    <ClCompile Include="Source\Engine\Entity.cpp">
      <Filter>Source\Engine\Entity\Private</Filter>
    </ClCompile>
    <ClCompile Include="Source\Engine\Collider.cpp">
      <Filter>Source\Engine\Private</Filter>
    </ClCompile>
    <ClCompile Include="Source\Engine\Camera.cpp">
      <Filter>Source\Engine\Entity\Component\Private</Filter>
    </ClCompile>
    <ClCompile Include="Source\Engine\InputManager.cpp">
      <Filter>Source\Engine\Entity\Component\Private</Filter>
    </ClCompile>
  </ItemGroup>
  <ItemGroup>
    <ClInclude Include="Source\Engine.h">
      <Filter>Source\pch</Filter>
    </ClInclude>
    <ClInclude Include="Source\Core\PerGameSettings.h">
      <Filter>Source\Core\Classes</Filter>
    </ClInclude>
    <ClInclude Include="Source\Core\Core.h">
      <Filter>Source\Core\Public</Filter>
    </ClInclude>
    <ClInclude Include="Source\Core\CoreMinimal.h">
      <Filter>Source\Core\Public</Filter>
    </ClInclude>
    <ClInclude Include="Source\Core\CoreDefinitions.h">
      <Filter>Source\Core\Public</Filter>
    </ClInclude>
    <ClInclude Include="Source\Engine\OEngine.h">
      <Filter>Source\Engine\Classes</Filter>
    </ClInclude>
    <ClInclude Include="Source\Engine\Simulation.h">
      <Filter>Source\Engine\Classes</Filter>
    </ClInclude>
    <ClInclude Include="Source\Common\Logger.h">
      <Filter>Source\Common\Classes</Filter>
    </ClInclude>
    <ClInclude Include="Source\Common\Time.h">
      <Filter>Source\Common\Public</Filter>
    </ClInclude>
    <ClInclude Include="Source\Platform\WIN32\WinEntry.h">
      <Filter>Source\Platform\Win32\Public</Filter>
    </ClInclude>
    <ClInclude Include="Source\Platform\WIN32\IApplication.h">
      <Filter>Source\Platform\Win32\Classes</Filter>
    </ClInclude>
    <ClInclude Include="Source\Common\CmdLineArgs.h">
      <Filter>Source\Common\Public</Filter>
    </ClInclude>
    <ClInclude Include="Source\Engine\SplashScreen.h">
      <Filter>Source\Engine\Public</Filter>
    </ClInclude>
    <ClInclude Include="Source\Platform\Win32\SubObject.h">
      <Filter>Source\Platform\Win32\Classes</Filter>
    </ClInclude>
    <ClInclude Include="Source\Platform\Win32\Window.h">
      <Filter>Source\Platform\Win32\Classes</Filter>
    </ClInclude>
    <ClInclude Include="Source\Platform\Win32\Win32Utils.h">
      <Filter>Source\Platform\Win32\Public</Filter>
    </ClInclude>
    <ClInclude Include="Source\Platform\Win32\w32Caption.h">
      <Filter>Source\Platform\Win32\Public</Filter>
    </ClInclude>
    <ClInclude Include="Source\Platform\Win32\d3dx12.h">
      <Filter>Source\Platform\Win32\Public</Filter>
    </ClInclude>
    <ClInclude Include="Source\Engine\DirectX12Utils.h">
      <Filter>Source\Engine\Public</Filter>
    </ClInclude>
    <ClInclude Include="Source\DirectX12\d3dUtil.h">
      <Filter>Source\DirectX12\Public</Filter>
    </ClInclude>
    <ClInclude Include="Source\DirectX12\d3dx12.h">
      <Filter>Source\DirectX12\Public</Filter>
    </ClInclude>
    <ClInclude Include="Source\DirectX12\UploadBuffer.h">
      <Filter>Source\DirectX12\Public</Filter>
    </ClInclude>
    <ClInclude Include="Source\DirectX12\dx12Inst.h">
      <Filter>Source\DirectX12\Classes</Filter>
    </ClInclude>
    <ClInclude Include="Source\DirectX12\d3dApp.h">
      <Filter>Source\DirectX12\Bin</Filter>
    </ClInclude>
    <ClInclude Include="Source\DirectX12\DDSTextureLoader.h">
      <Filter>Source\DirectX12\Bin</Filter>
    </ClInclude>
    <ClInclude Include="Source\DirectX12\GeometryGenerator.h">
      <Filter>Source\DirectX12\Bin</Filter>
    </ClInclude>
    <ClInclude Include="Source\DirectX12\MathHelper.h">
      <Filter>Source\DirectX12\Bin</Filter>
    </ClInclude>
    <ClInclude Include="Source\DirectX12\GameTimer.h">
      <Filter>Source\DirectX12\Bin</Filter>
    </ClInclude>
    <ClInclude Include="Source\DirectX12\Vertex.h">
      <Filter>Source\DirectX12\Classes</Filter>
    </ClInclude>
    <ClInclude Include="Source\Engine\MeshRenderer.h">
      <Filter>Source\Engine\Classes</Filter>
    </ClInclude>
    <ClInclude Include="Source\Engine\CubeMesh.h">
      <Filter>Source\Engine\Entity\Mesh\Classes</Filter>
    </ClInclude>
    <ClInclude Include="Source\Engine\MeshRenderer.h">
      <Filter>Source\Engine\Entity\Component\Classes</Filter>
    </ClInclude>
    <ClInclude Include="Source\Engine\Component.h">
      <Filter>Source\Engine\Entity\Component\Classes</Filter>
    </ClInclude>
    <ClInclude Include="Source\Engine\Mesh.h">
      <Filter>Source\Engine\Entity\Component\Classes</Filter>
    </ClInclude>
    <ClInclude Include="Source\Engine\Shader.h">
      <Filter>Source\Engine\Entity\Component\Classes</Filter>
    </ClInclude>
    <ClInclude Include="Source\Engine\transform.h">
      <Filter>Source\Engine\Entity\Component\Classes</Filter>
    </ClInclude>
    <ClInclude Include="Source\Engine\Entity.h">
      <Filter>Source\Engine\Entity\Classes</Filter>
    </ClInclude>
    <ClInclude Include="Source\Engine\PyramidMesh.h">
      <Filter>Source\Engine\Entity\Mesh\Classes</Filter>
    </ClInclude>
    <ClInclude Include="Source\Engine\Collider.h">
      <Filter>Source\Engine\Classes</Filter>
    </ClInclude>
    <ClInclude Include="Source\Engine\PipeMesh.h">
      <Filter>Source\Engine\Entity\Mesh\Classes</Filter>
    </ClInclude>
    <ClInclude Include="Source\Engine\Camera.h">
      <Filter>Source\Engine\Entity\Component\Classes</Filter>
    </ClInclude>
    <ClInclude Include="Source\Engine\InputManager.h">
      <Filter>Source\Engine\Entity\Component\Classes</Filter>
    </ClInclude>
  </ItemGroup>
</Project>